
Microsoft Visual Studio Solution File, Format Version 12.00
# Visual Studio Version 17
VisualStudioVersion = 17.9.34728.123
MinimumVisualStudioVersion = 10.0.40219.1
Project("{FAE04EC0-301F-11D3-BF4B-00C04F79EFBC}") = "AzureAPI_app", "AzureAPI_app\AzureAPI_app.csproj", "{1B8A4430-FFD6-4902-B6B9-63EF3B74521F}"
EndProject
Global
	GlobalSection(SolutionConfigurationPlatforms) = preSolution
		Debug|Any CPU = Debug|Any CPU
		Release|Any CPU = Release|Any CPU
	EndGlobalSection
	GlobalSection(ProjectConfigurationPlatforms) = postSolution
		{1B8A4430-FFD6-4902-B6B9-63EF3B74521F}.Debug|Any CPU.ActiveCfg = Debug|Any CPU
		{1B8A4430-FFD6-4902-B6B9-63EF3B74521F}.Debug|Any CPU.Build.0 = Debug|Any CPU
		{1B8A4430-FFD6-4902-B6B9-63EF3B74521F}.Release|Any CPU.ActiveCfg = Release|Any CPU
		{1B8A4430-FFD6-4902-B6B9-63EF3B74521F}.Release|Any CPU.Build.0 = Release|Any CPU
	EndGlobalSection
	GlobalSection(SolutionProperties) = preSolution
		HideSolutionNode = FALSE
	EndGlobalSection
	GlobalSection(ExtensibilityGlobals) = postSolution
		SolutionGuid = {ABEEEA27-A5F7-475E-A607-FF7B31036ED2}
	EndGlobalSection
EndGlobal
